// !$*UTF8*$!
{
	archiveVersion = 1;
	classes = {
	};
	objectVersion = 46;
	objects = {

/* Begin PBXBuildFile section */
		044DA4681C5027A200E50D30 /* AppDelegate.swift in Sources */ = {isa = PBXBuildFile; fileRef = 044DA4671C5027A200E50D30 /* AppDelegate.swift */; };
		044DA46A1C5027A200E50D30 /* ViewController.swift in Sources */ = {isa = PBXBuildFile; fileRef = 044DA4691C5027A200E50D30 /* ViewController.swift */; };
		044DA46D1C5027A200E50D30 /* Main.storyboard in Resources */ = {isa = PBXBuildFile; fileRef = 044DA46B1C5027A200E50D30 /* Main.storyboard */; };
		044DA46F1C5027A200E50D30 /* Assets.xcassets in Resources */ = {isa = PBXBuildFile; fileRef = 044DA46E1C5027A200E50D30 /* Assets.xcassets */; };
		044DA4721C5027A200E50D30 /* LaunchScreen.storyboard in Resources */ = {isa = PBXBuildFile; fileRef = 044DA4701C5027A200E50D30 /* LaunchScreen.storyboard */; };
		044DA47C1C5027F700E50D30 /* IMG_1965.jpg in Resources */ = {isa = PBXBuildFile; fileRef = 044DA47B1C5027F700E50D30 /* IMG_1965.jpg */; };
/* End PBXBuildFile section */

/* Begin PBXFileReference section */
		044DA4641C5027A200E50D30 /* Expanding Image Zoom.app */ = {isa = PBXFileReference; explicitFileType = wrapper.application; includeInIndex = 0; path = "Expanding Image Zoom.app"; sourceTree = BUILT_PRODUCTS_DIR; };
		044DA4671C5027A200E50D30 /* AppDelegate.swift */ = {isa = PBXFileReference; lastKnownFileType = sourcecode.swift; path = AppDelegate.swift; sourceTree = "<group>"; };
		044DA4691C5027A200E50D30 /* ViewController.swift */ = {isa = PBXFileReference; lastKnownFileType = sourcecode.swift; path = ViewController.swift; sourceTree = "<group>"; };
		044DA46C1C5027A200E50D30 /* Base */ = {isa = PBXFileReference; lastKnownFileType = file.storyboard; name = Base; path = Base.lproj/Main.storyboard; sourceTree = "<group>"; };
		044DA46E1C5027A200E50D30 /* Assets.xcassets */ = {isa = PBXFileReference; lastKnownFileType = folder.assetcatalog; path = Assets.xcassets; sourceTree = "<group>"; };
		044DA4711C5027A200E50D30 /* Base */ = {isa = PBXFileReference; lastKnownFileType = file.storyboard; name = Base; path = Base.lproj/LaunchScreen.storyboard; sourceTree = "<group>"; };
		044DA4731C5027A200E50D30 /* Info.plist */ = {isa = PBXFileReference; lastKnownFileType = text.plist.xml; path = Info.plist; sourceTree = "<group>"; };
		044DA47B1C5027F700E50D30 /* IMG_1965.jpg */ = {isa = PBXFileReference; lastKnownFileType = image.jpeg; path = IMG_1965.jpg; sourceTree = "<group>"; };
/* End PBXFileReference section */

/* Begin PBXFrameworksBuildPhase section */
		044DA4611C5027A200E50D30 /* Frameworks */ = {
			isa = PBXFrameworksBuildPhase;
			buildActionMask = 2147483647;
			files = (
			);
			runOnlyForDeploymentPostprocessing = 0;
		};
/* End PBXFrameworksBuildPhase section */

/* Begin PBXGroup section */
		044DA45B1C5027A200E50D30 = {
			isa = PBXGroup;
			children = (
				044DA4661C5027A200E50D30 /* Expanding Image Zoom */,
				044DA4651C5027A200E50D30 /* Products */,
			);
			sourceTree = "<group>";
		};
		044DA4651C5027A200E50D30 /* Products */ = {
			isa = PBXGroup;
			children = (
				044DA4641C5027A200E50D30 /* Expanding Image Zoom.app */,
			);
			name = Products;
			sourceTree = "<group>";
		};
		044DA4661C5027A200E50D30 /* Expanding Image Zoom */ = {
			isa = PBXGroup;
			children = (
				044DA47B1C5027F700E50D30 /* IMG_1965.jpg */,
				044DA4671C5027A200E50D30 /* AppDelegate.swift */,
				044DA4691C5027A200E50D30 /* ViewController.swift */,
				044DA46B1C5027A200E50D30 /* Main.storyboard */,
				044DA46E1C5027A200E50D30 /* Assets.xcassets */,
				044DA4701C5027A200E50D30 /* LaunchScreen.storyboard */,
				044DA4731C5027A200E50D30 /* Info.plist */,
			);
			path = "Expanding Image Zoom";
			sourceTree = "<group>";
		};
/* End PBXGroup section */

/* Begin PBXNativeTarget section */
		044DA4631C5027A200E50D30 /* Expanding Image Zoom */ = {
			isa = PBXNativeTarget;
			buildConfigurationList = 044DA4761C5027A200E50D30 /* Build configuration list for PBXNativeTarget "Expanding Image Zoom" */;
			buildPhases = (
				044DA4601C5027A200E50D30 /* Sources */,
				044DA4611C5027A200E50D30 /* Frameworks */,
				044DA4621C5027A200E50D30 /* Resources */,
			);
			buildRules = (
			);
			dependencies = (
			);
			name = "Expanding Image Zoom";
			productName = "Expanding Image Zoom";
			productReference = 044DA4641C5027A200E50D30 /* Expanding Image Zoom.app */;
			productType = "com.apple.product-type.application";
		};
/* End PBXNativeTarget section */

/* Begin PBXProject section */
		044DA45C1C5027A200E50D30 /* Project object */ = {
			isa = PBXProject;
			attributes = {
				LastSwiftUpdateCheck = 0720;
				LastUpgradeCheck = 0720;
				ORGANIZATIONNAME = "Kyle Shaver";
				TargetAttributes = {
					044DA4631C5027A200E50D30 = {
						CreatedOnToolsVersion = 7.2;
					};
				};
			};
			buildConfigurationList = 044DA45F1C5027A200E50D30 /* Build configuration list for PBXProject "Expanding Image Zoom" */;
			compatibilityVersion = "Xcode 3.2";
			developmentRegion = English;
			hasScannedForEncodings = 0;
			knownRegions = (
				en,
				Base,
			);
			mainGroup = 044DA45B1C5027A200E50D30;
			productRefGroup = 044DA4651C5027A200E50D30 /* Products */;
			projectDirPath = "";
			projectRoot = "";
			targets = (
				044DA4631C5027A200E50D30 /* Expanding Image Zoom */,
			);
		};
/* End PBXProject section */

/* Begin PBXResourcesBuildPhase section */
		044DA4621C5027A200E50D30 /* Resources */ = {
			isa = PBXResourcesBuildPhase;
			buildActionMask = 2147483647;
			files = (
				044DA4721C5027A200E50D30 /* LaunchScreen.storyboard in Resources */,
				044DA47C1C5027F700E50D30 /* IMG_1965.jpg in Resources */,
				044DA46F1C5027A200E50D30 /* Assets.xcassets in Resources */,
				044DA46D1C5027A200E50D30 /* Main.storyboard in Resources */,
			);
			runOnlyForDeploymentPostprocessing = 0;
		};
/* End PBXResourcesBuildPhase section */

/* Begin PBXSourcesBuildPhase section */
		044DA4601C5027A200E50D30 /* Sources */ = {
			isa = PBXSourcesBuildPhase;
			buildActionMask = 2147483647;
			files = (
				044DA46A1C5027A200E50D30 /* ViewController.swift in Sources */,
				044DA4681C5027A200E50D30 /* AppDelegate.swift in Sources */,
			);
			runOnlyForDeploymentPostprocessing = 0;
		};
/* End PBXSourcesBuildPhase section */

/* Begin PBXVariantGroup section */
		044DA46B1C5027A200E50D30 /* Main.storyboard */ = {
			isa = PBXVariantGroup;
			children = (
				044DA46C1C5027A200E50D30 /* Base */,
			);
			name = Main.storyboard;
			sourceTree = "<group>";
		};
		044DA4701C5027A200E50D30 /* LaunchScreen.storyboard */ = {
			isa = PBXVariantGroup;
			children = (
				044DA4711C5027A200E50D30 /* Base */,
			);
			name = LaunchScreen.storyboard;
			sourceTree = "<group>";
		};
/* End PBXVariantGroup section */

/* Begin XCBuildConfiguration section */
		044DA4741C5027A200E50D30 /* Debug */ = {
			isa = XCBuildConfiguration;
			buildSettings = {
				ALWAYS_SEARCH_USER_PATHS = NO;
				CLANG_CXX_LANGUAGE_STANDARD = "gnu++0x";
				CLANG_CXX_LIBRARY = "libc++";
				CLANG_ENABLE_MODULES = YES;
				CLANG_ENABLE_OBJC_ARC = YES;
				CLANG_WARN_BOOL_CONVERSION = YES;
				CLANG_WARN_CONSTANT_CONVERSION = YES;
				CLANG_WARN_DIRECT_OBJC_ISA_USAGE = YES_ERROR;
				CLANG_WARN_EMPTY_BODY = YES;
				CLANG_WARN_ENUM_CONVERSION = YES;
				CLANG_WARN_INT_CONVERSION = YES;
				CLANG_WARN_OBJC_ROOT_CLASS = YES_ERROR;
				CLANG_WARN_UNREACHABLE_CODE = YES;
				CLANG_WARN__DUPLICATE_METHOD_MATCH = YES;
				"CODE_SIGN_IDENTITY[sdk=iphoneos*]" = "iPhone Developer";
				COPY_PHASE_STRIP = NO;
				DEBUG_INFORMATION_FORMAT = dwarf;
				ENABLE_STRICT_OBJC_MSGSEND = YES;
				ENABLE_TESTABILITY = YES;
				GCC_C_LANGUAGE_STANDARD = gnu99;
				GCC_DYNAMIC_NO_PIC = NO;
				GCC_NO_COMMON_BLOCKS = YES;
				GCC_OPTIMIZATION_LEVEL = 0;
				GCC_PREPROCESSOR_DEFINITIONS = (
					"DEBUG=1",
					"$(inherited)",
				);
				GCC_WARN_64_TO_32_BIT_CONVERSION = YES;
				GCC_WARN_ABOUT_RETURN_TYPE = YES_ERROR;
				GCC_WARN_UNDECLARED_SELECTOR = YES;
				GCC_WARN_UNINITIALIZED_AUTOS = YES_AGGRESSIVE;
				GCC_WARN_UNUSED_FUNCTION = YES;
				GCC_WARN_UNUSED_VARIABLE = YES;
				IPHONEOS_DEPLOYMENT_TARGET = 9.2;
				MTL_ENABLE_DEBUG_INFO = YES;
				ONLY_ACTIVE_ARCH = YES;
				SDKROOT = iphoneos;
				SWIFT_OPTIMIZATION_LEVEL = "-Onone";
				TARGETED_DEVICE_FAMILY = "1,2";
			};
			name = Debug;
		};
		044DA4751C5027A200E50D30 /* Release */ = {
			isa = XCBuildConfiguration;
			buildSettings = {
				ALWAYS_SEARCH_USER_PATHS = NO;
				CLANG_CXX_LANGUAGE_STANDARD = "gnu++0x";
				CLANG_CXX_LIBRARY = "libc++";
				CLANG_ENABLE_MODULES = YES;
				CLANG_ENABLE_OBJC_ARC = YES;
				CLANG_WARN_BOOL_CONVERSION = YES;
				CLANG_WARN_CONSTANT_CONVERSION = YES;
				CLANG_WARN_DIRECT_OBJC_ISA_USAGE = YES_ERROR;
				CLANG_WARN_EMPTY_BODY = YES;
				CLANG_WARN_ENUM_CONVERSION = YES;
				CLANG_WARN_INT_CONVERSION = YES;
				CLANG_WARN_OBJC_ROOT_CLASS = YES_ERROR;
				CLANG_WARN_UNREACHABLE_CODE = YES;
				CLANG_WARN__DUPLICATE_METHOD_MATCH = YES;
				"CODE_SIGN_IDENTITY[sdk=iphoneos*]" = "iPhone Developer";
				COPY_PHASE_STRIP = NO;
				DEBUG_INFORMATION_FORMAT = "dwarf-with-dsym";
				ENABLE_NS_ASSERTIONS = NO;
				ENABLE_STRICT_OBJC_MSGSEND = YES;
				GCC_C_LANGUAGE_STANDARD = gnu99;
				GCC_NO_COMMON_BLOCKS = YES;
				GCC_WARN_64_TO_32_BIT_CONVERSION = YES;
				GCC_WARN_ABOUT_RETURN_TYPE = YES_ERROR;
				GCC_WARN_UNDECLARED_SELECTOR = YES;
				GCC_WARN_UNINITIALIZED_AUTOS = YES_AGGRESSIVE;
				GCC_WARN_UNUSED_FUNCTION = YES;
				GCC_WARN_UNUSED_VARIABLE = YES;
				IPHONEOS_DEPLOYMENT_TARGET = 9.2;
				MTL_ENABLE_DEBUG_INFO = NO;
				SDKROOT = iphoneos;
				TARGETED_DEVICE_FAMILY = "1,2";
				VALIDATE_PRODUCT = YES;
			};
			name = Release;
		};
		044DA4771C5027A200E50D30 /* Debug */ = {
			isa = XCBuildConfiguration;
			buildSettings = {
				ASSETCATALOG_COMPILER_APPICON_NAME = AppIcon;
				INFOPLIST_FILE = "Expanding Image Zoom/Info.plist";
				LD_RUNPATH_SEARCH_PATHS = "$(inherited) @executable_path/Frameworks";
				PRODUCT_BUNDLE_IDENTIFIER = "com.kyleshaver.Expanding-Image-Zoom";
				PRODUCT_NAME = "$(TARGET_NAME)";
			};
			name = Debug;
		};
		044DA4781C5027A200E50D30 /* Release */ = {
			isa = XCBuildConfiguration;
			buildSettings = {
				ASSETCATALOG_COMPILER_APPICON_NAME = AppIcon;
				INFOPLIST_FILE = "Expanding Image Zoom/Info.plist";
				LD_RUNPATH_SEARCH_PATHS = "$(inherited) @executable_path/Frameworks";
				PRODUCT_BUNDLE_IDENTIFIER = "com.kyleshaver.Expanding-Image-Zoom";
				PRODUCT_NAME = "$(TARGET_NAME)";
			};
			name = Release;
		};
/* End XCBuildConfiguration section */

/* Begin XCConfigurationList section */
		044DA45F1C5027A200E50D30 /* Build configuration list for PBXProject "Expanding Image Zoom" */ = {
			isa = XCConfigurationList;
			buildConfigurations = (
				044DA4741C5027A200E50D30 /* Debug */,
				044DA4751C5027A200E50D30 /* Release */,
			);
			defaultConfigurationIsVisible = 0;
			defaultConfigurationName = Release;
		};
		044DA4761C5027A200E50D30 /* Build configuration list for PBXNativeTarget "Expanding Image Zoom" */ = {
			isa = XCConfigurationList;
			buildConfigurations = (
				044DA4771C5027A200E50D30 /* Debug */,
				044DA4781C5027A200E50D30 /* Release */,
			);
			defaultConfigurationIsVisible = 0;
		};
/* End XCConfigurationList section */
	};
	rootObject = 044DA45C1C5027A200E50D30 /* Project object */;
}
